<Solution>
  <Folder Name="/src/" />
  <Folder Name="/src/core/">
    <Project Path="nexus_bilding_api.core.application/nexus_bilding_api.core.application.csproj" />
    <Project Path="nexus_bilding_api.core.domain/nexus_bilding_api.core.domain.csproj" />
  </Folder>
  <Folder Name="/src/infrastructure/">
    <Project Path="nexus_bilding_api.infrastructure.identity/nexus_bilding_api.infrastructure.identity.csproj" />
    <Project Path="nexus_bilding_api.infrastructure.persistence/nexus_bilding_api.infrastructure.persistence.csproj" />
    <Project Path="nexus_bilding_api.infrastructure.shared/nexus_bilding_api.infrastructure.shared.csproj" />
  </Folder>
  <Folder Name="/src/presentation/">
    <Project Path="nexus_bilding_api.presentation.api/nexus_bilding_api.presentation.api.csproj" />
  </Folder>
</Solution>
